// !$*UTF8*$!
{
	archiveVersion = 1;
	classes = {
	};
	objectVersion = 46;
	objects = {

/* Begin PBXBuildFile section */
		0678CE281A1CEBA8002A0668 /* PDAppDelegate.swift in Sources */ = {isa = PBXBuildFile; fileRef = 0678CE271A1CEBA8002A0668 /* PDAppDelegate.swift */; };
		0678CE2A1A1CEBA8002A0668 /* PDFirstViewController.swift in Sources */ = {isa = PBXBuildFile; fileRef = 0678CE291A1CEBA8002A0668 /* PDFirstViewController.swift */; };
		0678CE2F1A1CEBA8002A0668 /* Main.storyboard in Resources */ = {isa = PBXBuildFile; fileRef = 0678CE2D1A1CEBA8002A0668 /* Main.storyboard */; };
		0678CE311A1CEBA9002A0668 /* Images.xcassets in Resources */ = {isa = PBXBuildFile; fileRef = 0678CE301A1CEBA9002A0668 /* Images.xcassets */; };
		0678CE341A1CEBA9002A0668 /* LaunchScreen.xib in Resources */ = {isa = PBXBuildFile; fileRef = 0678CE321A1CEBA9002A0668 /* LaunchScreen.xib */; };
		0678CE4A1A1CEDB0002A0668 /* PDAddAppViewController.swift in Sources */ = {isa = PBXBuildFile; fileRef = 0678CE491A1CEDB0002A0668 /* PDAddAppViewController.swift */; };
		0678CE581A1CF850002A0668 /* AudioToolbox.framework in Frameworks */ = {isa = PBXBuildFile; fileRef = 0678CE571A1CF850002A0668 /* AudioToolbox.framework */; };
		0678CE5A1A1CF869002A0668 /* SystemConfiguration.framework in Frameworks */ = {isa = PBXBuildFile; fileRef = 0678CE591A1CF869002A0668 /* SystemConfiguration.framework */; };
		0678CE5C1A1CF889002A0668 /* MobileCoreServices.framework in Frameworks */ = {isa = PBXBuildFile; fileRef = 0678CE5B1A1CF889002A0668 /* MobileCoreServices.framework */; };
		06DE58421A1D04A20004CC57 /* PDRowsViewController.swift in Sources */ = {isa = PBXBuildFile; fileRef = 06DE58411A1D04A20004CC57 /* PDRowsViewController.swift */; };
		06DE58461A1D16830004CC57 /* Model.xcdatamodeld in Sources */ = {isa = PBXBuildFile; fileRef = 06DE58441A1D16830004CC57 /* Model.xcdatamodeld */; };
		06DE58491A1D1CFE0004CC57 /* Model.xcdatamodeld in Resources */ = {isa = PBXBuildFile; fileRef = 06DE58441A1D16830004CC57 /* Model.xcdatamodeld */; };
		06DE58631A1D2FB90004CC57 /* AppInfo.m in Sources */ = {isa = PBXBuildFile; fileRef = 06DE58621A1D2FB90004CC57 /* AppInfo.m */; };
		06DE58661A1D2FB90004CC57 /* PFClass.m in Sources */ = {isa = PBXBuildFile; fileRef = 06DE58651A1D2FB90004CC57 /* PFClass.m */; };
		06DE58681A1D3A840004CC57 /* PDUtitility.swift in Sources */ = {isa = PBXBuildFile; fileRef = 06DE58671A1D3A840004CC57 /* PDUtitility.swift */; };
		06DE586C1A1D3EBE0004CC57 /* Crashlytics.framework in Frameworks */ = {isa = PBXBuildFile; fileRef = 06DE586A1A1D3EBE0004CC57 /* Crashlytics.framework */; };
		06DE586D1A1D3EBF0004CC57 /* Fabric.framework in Frameworks */ = {isa = PBXBuildFile; fileRef = 06DE586B1A1D3EBE0004CC57 /* Fabric.framework */; };
		06DE58721A1D76080004CC57 /* PDMenuViewController.swift in Sources */ = {isa = PBXBuildFile; fileRef = 06DE58711A1D76080004CC57 /* PDMenuViewController.swift */; };
		06DE58741A1E53BB0004CC57 /* PDButton.swift in Sources */ = {isa = PBXBuildFile; fileRef = 06DE58731A1E53BB0004CC57 /* PDButton.swift */; };
		06DE58761A1E555A0004CC57 /* PDAddClassViewController.swift in Sources */ = {isa = PBXBuildFile; fileRef = 06DE58751A1E555A0004CC57 /* PDAddClassViewController.swift */; };
		06DE58781A1E5C1E0004CC57 /* MenuTableFooter.xib in Resources */ = {isa = PBXBuildFile; fileRef = 06DE58771A1E5C1E0004CC57 /* MenuTableFooter.xib */; };
		06DE587D1A1E5FCE0004CC57 /* Bolts.framework in Frameworks */ = {isa = PBXBuildFile; fileRef = 06DE587A1A1E5FCE0004CC57 /* Bolts.framework */; };
		06DE587E1A1E5FCE0004CC57 /* Parse.framework in Frameworks */ = {isa = PBXBuildFile; fileRef = 06DE587B1A1E5FCE0004CC57 /* Parse.framework */; };
		06DE587F1A1E5FCE0004CC57 /* ParseUI.framework in Frameworks */ = {isa = PBXBuildFile; fileRef = 06DE587C1A1E5FCE0004CC57 /* ParseUI.framework */; };
		06DE58811A1E67A10004CC57 /* PDDataViewController.swift in Sources */ = {isa = PBXBuildFile; fileRef = 06DE58801A1E67A10004CC57 /* PDDataViewController.swift */; };
		06DE58841A1E77100004CC57 /* PDWebViewController.swift in Sources */ = {isa = PBXBuildFile; fileRef = 06DE58831A1E77100004CC57 /* PDWebViewController.swift */; };
		06DE58861A1E7B270004CC57 /* PDMenuTableFooter.swift in Sources */ = {isa = PBXBuildFile; fileRef = 06DE58851A1E7B270004CC57 /* PDMenuTableFooter.swift */; };
		06F96D3C1A1E829D00C41ECD /* Social.framework in Frameworks */ = {isa = PBXBuildFile; fileRef = 06F96D3B1A1E829D00C41ECD /* Social.framework */; };
		06F96D991A1E8AF000C41ECD /* libGoogleAnalyticsServices.a in Frameworks */ = {isa = PBXBuildFile; fileRef = 06F96D981A1E8AF000C41ECD /* libGoogleAnalyticsServices.a */; };
		06F96D9B1A1E8C7200C41ECD /* libz.dylib in Frameworks */ = {isa = PBXBuildFile; fileRef = 06F96D9A1A1E8C7200C41ECD /* libz.dylib */; };
		06F96D9D1A1E8C7D00C41ECD /* CoreData.framework in Frameworks */ = {isa = PBXBuildFile; fileRef = 06F96D9C1A1E8C7D00C41ECD /* CoreData.framework */; };
		06F96D9F1A1E8CC200C41ECD /* libsqlite3.dylib in Frameworks */ = {isa = PBXBuildFile; fileRef = 06F96D9E1A1E8CC200C41ECD /* libsqlite3.dylib */; };
		23EA8BA046E3C1F484A1466D /* libPods.a in Frameworks */ = {isa = PBXBuildFile; fileRef = 96AEC7C5F66F4F9FD1B7B0B9 /* libPods.a */; };
/* End PBXBuildFile section */

/* Begin PBXFileReference section */
		0678CE221A1CEBA8002A0668 /* ParseBoard.app */ = {isa = PBXFileReference; explicitFileType = wrapper.application; includeInIndex = 0; path = ParseBoard.app; sourceTree = BUILT_PRODUCTS_DIR; };
		0678CE261A1CEBA8002A0668 /* Info.plist */ = {isa = PBXFileReference; lastKnownFileType = text.plist.xml; path = Info.plist; sourceTree = "<group>"; };
		0678CE271A1CEBA8002A0668 /* PDAppDelegate.swift */ = {isa = PBXFileReference; lastKnownFileType = sourcecode.swift; path = PDAppDelegate.swift; sourceTree = "<group>"; };
		0678CE291A1CEBA8002A0668 /* PDFirstViewController.swift */ = {isa = PBXFileReference; lastKnownFileType = sourcecode.swift; path = PDFirstViewController.swift; sourceTree = "<group>"; };
		0678CE2E1A1CEBA8002A0668 /* Base */ = {isa = PBXFileReference; lastKnownFileType = file.storyboard; name = Base; path = Base.lproj/Main.storyboard; sourceTree = "<group>"; };
		0678CE301A1CEBA9002A0668 /* Images.xcassets */ = {isa = PBXFileReference; lastKnownFileType = folder.assetcatalog; path = Images.xcassets; sourceTree = "<group>"; };
		0678CE331A1CEBA9002A0668 /* Base */ = {isa = PBXFileReference; lastKnownFileType = file.xib; name = Base; path = Base.lproj/LaunchScreen.xib; sourceTree = "<group>"; };
		0678CE491A1CEDB0002A0668 /* PDAddAppViewController.swift */ = {isa = PBXFileReference; fileEncoding = 4; lastKnownFileType = sourcecode.swift; path = PDAddAppViewController.swift; sourceTree = "<group>"; };
		0678CE571A1CF850002A0668 /* AudioToolbox.framework */ = {isa = PBXFileReference; lastKnownFileType = wrapper.framework; name = AudioToolbox.framework; path = System/Library/Frameworks/AudioToolbox.framework; sourceTree = SDKROOT; };
		0678CE591A1CF869002A0668 /* SystemConfiguration.framework */ = {isa = PBXFileReference; lastKnownFileType = wrapper.framework; name = SystemConfiguration.framework; path = System/Library/Frameworks/SystemConfiguration.framework; sourceTree = SDKROOT; };
		0678CE5B1A1CF889002A0668 /* MobileCoreServices.framework */ = {isa = PBXFileReference; lastKnownFileType = wrapper.framework; name = MobileCoreServices.framework; path = System/Library/Frameworks/MobileCoreServices.framework; sourceTree = SDKROOT; };
		06DE58411A1D04A20004CC57 /* PDRowsViewController.swift */ = {isa = PBXFileReference; fileEncoding = 4; lastKnownFileType = sourcecode.swift; path = PDRowsViewController.swift; sourceTree = "<group>"; };
		06DE58431A1D0ABE0004CC57 /* Constants.h */ = {isa = PBXFileReference; fileEncoding = 4; lastKnownFileType = sourcecode.c.h; path = Constants.h; sourceTree = "<group>"; };
		06DE58451A1D16830004CC57 /* Model.xcdatamodel */ = {isa = PBXFileReference; lastKnownFileType = wrapper.xcdatamodel; path = Model.xcdatamodel; sourceTree = "<group>"; };
		06DE58611A1D2FB90004CC57 /* AppInfo.h */ = {isa = PBXFileReference; fileEncoding = 4; lastKnownFileType = sourcecode.c.h; path = AppInfo.h; sourceTree = "<group>"; };
		06DE58621A1D2FB90004CC57 /* AppInfo.m */ = {isa = PBXFileReference; fileEncoding = 4; lastKnownFileType = sourcecode.c.objc; path = AppInfo.m; sourceTree = "<group>"; };
		06DE58641A1D2FB90004CC57 /* PFClass.h */ = {isa = PBXFileReference; fileEncoding = 4; lastKnownFileType = sourcecode.c.h; path = PFClass.h; sourceTree = "<group>"; };
		06DE58651A1D2FB90004CC57 /* PFClass.m */ = {isa = PBXFileReference; fileEncoding = 4; lastKnownFileType = sourcecode.c.objc; path = PFClass.m; sourceTree = "<group>"; };
		06DE58671A1D3A840004CC57 /* PDUtitility.swift */ = {isa = PBXFileReference; fileEncoding = 4; lastKnownFileType = sourcecode.swift; path = PDUtitility.swift; sourceTree = "<group>"; };
		06DE586A1A1D3EBE0004CC57 /* Crashlytics.framework */ = {isa = PBXFileReference; lastKnownFileType = wrapper.framework; path = Crashlytics.framework; sourceTree = "<group>"; };
		06DE586B1A1D3EBE0004CC57 /* Fabric.framework */ = {isa = PBXFileReference; lastKnownFileType = wrapper.framework; path = Fabric.framework; sourceTree = "<group>"; };
		06DE58711A1D76080004CC57 /* PDMenuViewController.swift */ = {isa = PBXFileReference; fileEncoding = 4; lastKnownFileType = sourcecode.swift; path = PDMenuViewController.swift; sourceTree = "<group>"; };
		06DE58731A1E53BB0004CC57 /* PDButton.swift */ = {isa = PBXFileReference; fileEncoding = 4; lastKnownFileType = sourcecode.swift; path = PDButton.swift; sourceTree = "<group>"; };
		06DE58751A1E555A0004CC57 /* PDAddClassViewController.swift */ = {isa = PBXFileReference; fileEncoding = 4; lastKnownFileType = sourcecode.swift; path = PDAddClassViewController.swift; sourceTree = "<group>"; };
		06DE58771A1E5C1E0004CC57 /* MenuTableFooter.xib */ = {isa = PBXFileReference; fileEncoding = 4; lastKnownFileType = file.xib; path = MenuTableFooter.xib; sourceTree = "<group>"; };
		06DE58791A1E5FA20004CC57 /* ParseBoard-Bridging-Header.h */ = {isa = PBXFileReference; fileEncoding = 4; lastKnownFileType = sourcecode.c.h; path = "ParseBoard-Bridging-Header.h"; sourceTree = "<group>"; };
		06DE587A1A1E5FCE0004CC57 /* Bolts.framework */ = {isa = PBXFileReference; lastKnownFileType = wrapper.framework; path = Bolts.framework; sourceTree = "<group>"; };
		06DE587B1A1E5FCE0004CC57 /* Parse.framework */ = {isa = PBXFileReference; lastKnownFileType = wrapper.framework; path = Parse.framework; sourceTree = "<group>"; };
		06DE587C1A1E5FCE0004CC57 /* ParseUI.framework */ = {isa = PBXFileReference; lastKnownFileType = wrapper.framework; path = ParseUI.framework; sourceTree = "<group>"; };
		06DE58801A1E67A10004CC57 /* PDDataViewController.swift */ = {isa = PBXFileReference; fileEncoding = 4; lastKnownFileType = sourcecode.swift; path = PDDataViewController.swift; sourceTree = "<group>"; };
		06DE58831A1E77100004CC57 /* PDWebViewController.swift */ = {isa = PBXFileReference; fileEncoding = 4; lastKnownFileType = sourcecode.swift; path = PDWebViewController.swift; sourceTree = "<group>"; };
		06DE58851A1E7B270004CC57 /* PDMenuTableFooter.swift */ = {isa = PBXFileReference; fileEncoding = 4; lastKnownFileType = sourcecode.swift; path = PDMenuTableFooter.swift; sourceTree = "<group>"; };
		06F96D3B1A1E829D00C41ECD /* Social.framework */ = {isa = PBXFileReference; lastKnownFileType = wrapper.framework; name = Social.framework; path = System/Library/Frameworks/Social.framework; sourceTree = SDKROOT; };
		06F96D6A1A1E8AE600C41ECD /* GAI.h */ = {isa = PBXFileReference; fileEncoding = 4; lastKnownFileType = sourcecode.c.h; path = GAI.h; sourceTree = "<group>"; };
		06F96D6B1A1E8AE600C41ECD /* GAIDictionaryBuilder.h */ = {isa = PBXFileReference; fileEncoding = 4; lastKnownFileType = sourcecode.c.h; path = GAIDictionaryBuilder.h; sourceTree = "<group>"; };
		06F96D6C1A1E8AE600C41ECD /* GAIEcommerceFields.h */ = {isa = PBXFileReference; fileEncoding = 4; lastKnownFileType = sourcecode.c.h; path = GAIEcommerceFields.h; sourceTree = "<group>"; };
		06F96D6D1A1E8AE600C41ECD /* GAIEcommerceProduct.h */ = {isa = PBXFileReference; fileEncoding = 4; lastKnownFileType = sourcecode.c.h; path = GAIEcommerceProduct.h; sourceTree = "<group>"; };
		06F96D6E1A1E8AE600C41ECD /* GAIEcommerceProductAction.h */ = {isa = PBXFileReference; fileEncoding = 4; lastKnownFileType = sourcecode.c.h; path = GAIEcommerceProductAction.h; sourceTree = "<group>"; };
		06F96D6F1A1E8AE600C41ECD /* GAIEcommercePromotion.h */ = {isa = PBXFileReference; fileEncoding = 4; lastKnownFileType = sourcecode.c.h; path = GAIEcommercePromotion.h; sourceTree = "<group>"; };
		06F96D701A1E8AE600C41ECD /* GAIFields.h */ = {isa = PBXFileReference; fileEncoding = 4; lastKnownFileType = sourcecode.c.h; path = GAIFields.h; sourceTree = "<group>"; };
		06F96D711A1E8AE600C41ECD /* GAILogger.h */ = {isa = PBXFileReference; fileEncoding = 4; lastKnownFileType = sourcecode.c.h; path = GAILogger.h; sourceTree = "<group>"; };
		06F96D721A1E8AE600C41ECD /* GAITrackedViewController.h */ = {isa = PBXFileReference; fileEncoding = 4; lastKnownFileType = sourcecode.c.h; path = GAITrackedViewController.h; sourceTree = "<group>"; };
		06F96D731A1E8AE600C41ECD /* GAITracker.h */ = {isa = PBXFileReference; fileEncoding = 4; lastKnownFileType = sourcecode.c.h; path = GAITracker.h; sourceTree = "<group>"; };
		06F96D981A1E8AF000C41ECD /* libGoogleAnalyticsServices.a */ = {isa = PBXFileReference; lastKnownFileType = archive.ar; path = libGoogleAnalyticsServices.a; sourceTree = "<group>"; };
		06F96D9A1A1E8C7200C41ECD /* libz.dylib */ = {isa = PBXFileReference; lastKnownFileType = "compiled.mach-o.dylib"; name = libz.dylib; path = usr/lib/libz.dylib; sourceTree = SDKROOT; };
		06F96D9C1A1E8C7D00C41ECD /* CoreData.framework */ = {isa = PBXFileReference; lastKnownFileType = wrapper.framework; name = CoreData.framework; path = System/Library/Frameworks/CoreData.framework; sourceTree = SDKROOT; };
		06F96D9E1A1E8CC200C41ECD /* libsqlite3.dylib */ = {isa = PBXFileReference; lastKnownFileType = "compiled.mach-o.dylib"; name = libsqlite3.dylib; path = usr/lib/libsqlite3.dylib; sourceTree = SDKROOT; };
		435BD845ED1C43A8D15F42D3 /* Pods.debug.xcconfig */ = {isa = PBXFileReference; includeInIndex = 1; lastKnownFileType = text.xcconfig; name = Pods.debug.xcconfig; path = "Pods/Target Support Files/Pods/Pods.debug.xcconfig"; sourceTree = "<group>"; };
		96AEC7C5F66F4F9FD1B7B0B9 /* libPods.a */ = {isa = PBXFileReference; explicitFileType = archive.ar; includeInIndex = 0; path = libPods.a; sourceTree = BUILT_PRODUCTS_DIR; };
		AE0B227905CAE6816C565BB2 /* Pods.release.xcconfig */ = {isa = PBXFileReference; includeInIndex = 1; lastKnownFileType = text.xcconfig; name = Pods.release.xcconfig; path = "Pods/Target Support Files/Pods/Pods.release.xcconfig"; sourceTree = "<group>"; };
/* End PBXFileReference section */

/* Begin PBXFrameworksBuildPhase section */
		0678CE1F1A1CEBA8002A0668 /* Frameworks */ = {
			isa = PBXFrameworksBuildPhase;
			buildActionMask = 2147483647;
			files = (
				06F96D9F1A1E8CC200C41ECD /* libsqlite3.dylib in Frameworks */,
				06F96D9D1A1E8C7D00C41ECD /* CoreData.framework in Frameworks */,
				06F96D9B1A1E8C7200C41ECD /* libz.dylib in Frameworks */,
				06F96D3C1A1E829D00C41ECD /* Social.framework in Frameworks */,
				0678CE5C1A1CF889002A0668 /* MobileCoreServices.framework in Frameworks */,
				0678CE5A1A1CF869002A0668 /* SystemConfiguration.framework in Frameworks */,
				06DE586C1A1D3EBE0004CC57 /* Crashlytics.framework in Frameworks */,
				0678CE581A1CF850002A0668 /* AudioToolbox.framework in Frameworks */,
				06DE587D1A1E5FCE0004CC57 /* Bolts.framework in Frameworks */,
				06DE587F1A1E5FCE0004CC57 /* ParseUI.framework in Frameworks */,
				06DE587E1A1E5FCE0004CC57 /* Parse.framework in Frameworks */,
				06F96D991A1E8AF000C41ECD /* libGoogleAnalyticsServices.a in Frameworks */,
				06DE586D1A1D3EBF0004CC57 /* Fabric.framework in Frameworks */,
				23EA8BA046E3C1F484A1466D /* libPods.a in Frameworks */,
			);
			runOnlyForDeploymentPostprocessing = 0;
		};
/* End PBXFrameworksBuildPhase section */

/* Begin PBXGroup section */
		0678CE191A1CEBA8002A0668 = {
			isa = PBXGroup;
			children = (
				0678CE241A1CEBA8002A0668 /* Parse Dashboard */,
				0678CE531A1CF1AD002A0668 /* Frameworks */,
				0678CE231A1CEBA8002A0668 /* Products */,
				C0C421741AE82D41C4130996 /* Pods */,
			);
			sourceTree = "<group>";
		};
		0678CE231A1CEBA8002A0668 /* Products */ = {
			isa = PBXGroup;
			children = (
				0678CE221A1CEBA8002A0668 /* ParseBoard.app */,
			);
			name = Products;
			sourceTree = "<group>";
		};
		0678CE241A1CEBA8002A0668 /* Parse Dashboard */ = {
			isa = PBXGroup;
			children = (
				06DE58821A1E69C10004CC57 /* Other */,
				0678CE271A1CEBA8002A0668 /* PDAppDelegate.swift */,
				06DE58711A1D76080004CC57 /* PDMenuViewController.swift */,
				0678CE491A1CEDB0002A0668 /* PDAddAppViewController.swift */,
				06DE58751A1E555A0004CC57 /* PDAddClassViewController.swift */,
				0678CE291A1CEBA8002A0668 /* PDFirstViewController.swift */,
				06DE58411A1D04A20004CC57 /* PDRowsViewController.swift */,
				06DE58801A1E67A10004CC57 /* PDDataViewController.swift */,
				06DE58831A1E77100004CC57 /* PDWebViewController.swift */,
				06DE58771A1E5C1E0004CC57 /* MenuTableFooter.xib */,
				06DE58851A1E7B270004CC57 /* PDMenuTableFooter.swift */,
				0678CE2D1A1CEBA8002A0668 /* Main.storyboard */,
				06DE58441A1D16830004CC57 /* Model.xcdatamodeld */,
				06DE586E1A1D3F2E0004CC57 /* Model */,
				0678CE301A1CEBA9002A0668 /* Images.xcassets */,
				0678CE251A1CEBA8002A0668 /* Supporting Files */,
			);
			name = "Parse Dashboard";
			path = ParseBoard;
			sourceTree = "<group>";
		};
		0678CE251A1CEBA8002A0668 /* Supporting Files */ = {
			isa = PBXGroup;
			children = (
				0678CE321A1CEBA9002A0668 /* LaunchScreen.xib */,
				06DE58791A1E5FA20004CC57 /* ParseBoard-Bridging-Header.h */,
				0678CE261A1CEBA8002A0668 /* Info.plist */,
			);
			name = "Supporting Files";
			sourceTree = "<group>";
		};
		0678CE531A1CF1AD002A0668 /* Frameworks */ = {
			isa = PBXGroup;
			children = (
				06F96D9E1A1E8CC200C41ECD /* libsqlite3.dylib */,
				06F96D9C1A1E8C7D00C41ECD /* CoreData.framework */,
				06F96D9A1A1E8C7200C41ECD /* libz.dylib */,
				06F96D3D1A1E8AE600C41ECD /* GoogleAnalytics */,
				06F96D3B1A1E829D00C41ECD /* Social.framework */,
				06DE587A1A1E5FCE0004CC57 /* Bolts.framework */,
				06DE587B1A1E5FCE0004CC57 /* Parse.framework */,
				06DE587C1A1E5FCE0004CC57 /* ParseUI.framework */,
				06DE586A1A1D3EBE0004CC57 /* Crashlytics.framework */,
				06DE586B1A1D3EBE0004CC57 /* Fabric.framework */,
				0678CE5B1A1CF889002A0668 /* MobileCoreServices.framework */,
				0678CE591A1CF869002A0668 /* SystemConfiguration.framework */,
				0678CE571A1CF850002A0668 /* AudioToolbox.framework */,
				96AEC7C5F66F4F9FD1B7B0B9 /* libPods.a */,
			);
			name = Frameworks;
			sourceTree = "<group>";
		};
		06DE586E1A1D3F2E0004CC57 /* Model */ = {
			isa = PBXGroup;
			children = (
				06DE58641A1D2FB90004CC57 /* PFClass.h */,
				06DE58651A1D2FB90004CC57 /* PFClass.m */,
				06DE58611A1D2FB90004CC57 /* AppInfo.h */,
				06DE58621A1D2FB90004CC57 /* AppInfo.m */,
			);
			name = Model;
			sourceTree = "<group>";
		};
		06DE58821A1E69C10004CC57 /* Other */ = {
			isa = PBXGroup;
			children = (
				06DE58431A1D0ABE0004CC57 /* Constants.h */,
				06DE58731A1E53BB0004CC57 /* PDButton.swift */,
				06DE58671A1D3A840004CC57 /* PDUtitility.swift */,
			);
			name = Other;
			sourceTree = "<group>";
		};
		06F96D3D1A1E8AE600C41ECD /* GoogleAnalytics */ = {
			isa = PBXGroup;
			children = (
				06F96D691A1E8AE600C41ECD /* Library */,
				06F96D981A1E8AF000C41ECD /* libGoogleAnalyticsServices.a */,
			);
			path = GoogleAnalytics;
			sourceTree = "<group>";
		};
		06F96D691A1E8AE600C41ECD /* Library */ = {
			isa = PBXGroup;
			children = (
				06F96D6A1A1E8AE600C41ECD /* GAI.h */,
				06F96D6B1A1E8AE600C41ECD /* GAIDictionaryBuilder.h */,
				06F96D6C1A1E8AE600C41ECD /* GAIEcommerceFields.h */,
				06F96D6D1A1E8AE600C41ECD /* GAIEcommerceProduct.h */,
				06F96D6E1A1E8AE600C41ECD /* GAIEcommerceProductAction.h */,
				06F96D6F1A1E8AE600C41ECD /* GAIEcommercePromotion.h */,
				06F96D701A1E8AE600C41ECD /* GAIFields.h */,
				06F96D711A1E8AE600C41ECD /* GAILogger.h */,
				06F96D721A1E8AE600C41ECD /* GAITrackedViewController.h */,
				06F96D731A1E8AE600C41ECD /* GAITracker.h */,
			);
			path = Library;
			sourceTree = "<group>";
		};
		C0C421741AE82D41C4130996 /* Pods */ = {
			isa = PBXGroup;
			children = (
				435BD845ED1C43A8D15F42D3 /* Pods.debug.xcconfig */,
				AE0B227905CAE6816C565BB2 /* Pods.release.xcconfig */,
			);
			name = Pods;
			sourceTree = "<group>";
		};
/* End PBXGroup section */

/* Begin PBXNativeTarget section */
		0678CE211A1CEBA8002A0668 /* ParseBoard */ = {
			isa = PBXNativeTarget;
			buildConfigurationList = 0678CE431A1CEBA9002A0668 /* Build configuration list for PBXNativeTarget "ParseBoard" */;
			buildPhases = (
				601BC3FB9B71B755978E3F81 /* Check Pods Manifest.lock */,
				0678CE1E1A1CEBA8002A0668 /* Sources */,
				0678CE1F1A1CEBA8002A0668 /* Frameworks */,
				0678CE201A1CEBA8002A0668 /* Resources */,
				B76D6B88C7E46E59015727C9 /* Copy Pods Resources */,
				06DE58691A1D3E890004CC57 /* ShellScript */,
			);
			buildRules = (
			);
			dependencies = (
			);
			name = ParseBoard;
			productName = "Parse Dashboard";
			productReference = 0678CE221A1CEBA8002A0668 /* ParseBoard.app */;
			productType = "com.apple.product-type.application";
		};
/* End PBXNativeTarget section */

/* Begin PBXProject section */
		0678CE1A1A1CEBA8002A0668 /* Project object */ = {
			isa = PBXProject;
			attributes = {
				CLASSPREFIX = PD;
				LastUpgradeCheck = 0610;
				ORGANIZATIONNAME = "Appikon Mobile";
				TargetAttributes = {
					0678CE211A1CEBA8002A0668 = {
						CreatedOnToolsVersion = 6.1;
					};
				};
			};
			buildConfigurationList = 0678CE1D1A1CEBA8002A0668 /* Build configuration list for PBXProject "ParseBoard" */;
			compatibilityVersion = "Xcode 3.2";
			developmentRegion = English;
			hasScannedForEncodings = 0;
			knownRegions = (
				en,
				Base,
			);
			mainGroup = 0678CE191A1CEBA8002A0668;
			productRefGroup = 0678CE231A1CEBA8002A0668 /* Products */;
			projectDirPath = "";
			projectRoot = "";
			targets = (
				0678CE211A1CEBA8002A0668 /* ParseBoard */,
			);
		};
/* End PBXProject section */

/* Begin PBXResourcesBuildPhase section */
		0678CE201A1CEBA8002A0668 /* Resources */ = {
			isa = PBXResourcesBuildPhase;
			buildActionMask = 2147483647;
			files = (
				06DE58491A1D1CFE0004CC57 /* Model.xcdatamodeld in Resources */,
				0678CE2F1A1CEBA8002A0668 /* Main.storyboard in Resources */,
				06DE58781A1E5C1E0004CC57 /* MenuTableFooter.xib in Resources */,
				0678CE341A1CEBA9002A0668 /* LaunchScreen.xib in Resources */,
				0678CE311A1CEBA9002A0668 /* Images.xcassets in Resources */,
			);
			runOnlyForDeploymentPostprocessing = 0;
		};
/* End PBXResourcesBuildPhase section */

/* Begin PBXShellScriptBuildPhase section */
		06DE58691A1D3E890004CC57 /* ShellScript */ = {
			isa = PBXShellScriptBuildPhase;
			buildActionMask = 2147483647;
			files = (
			);
			inputPaths = (
			);
			outputPaths = (
			);
			runOnlyForDeploymentPostprocessing = 0;
			shellPath = /bin/sh;
			shellScript = "./Fabric.framework/run 02d3f7db22ac1a3e538528547a694d5230eb8278 af6ede98bc0742057c556b0ed733e4c57ae435cd7cc81f516bb2b4e456b7e234";
		};
		601BC3FB9B71B755978E3F81 /* Check Pods Manifest.lock */ = {
			isa = PBXShellScriptBuildPhase;
			buildActionMask = 2147483647;
			files = (
			);
			inputPaths = (
			);
			name = "Check Pods Manifest.lock";
			outputPaths = (
			);
			runOnlyForDeploymentPostprocessing = 0;
			shellPath = /bin/sh;
			shellScript = "diff \"${PODS_ROOT}/../Podfile.lock\" \"${PODS_ROOT}/Manifest.lock\" > /dev/null\nif [[ $? != 0 ]] ; then\n    cat << EOM\nerror: The sandbox is not in sync with the Podfile.lock. Run 'pod install' or update your CocoaPods installation.\nEOM\n    exit 1\nfi\n";
			showEnvVarsInLog = 0;
		};
		B76D6B88C7E46E59015727C9 /* Copy Pods Resources */ = {
			isa = PBXShellScriptBuildPhase;
			buildActionMask = 2147483647;
			files = (
			);
			inputPaths = (
			);
			name = "Copy Pods Resources";
			outputPaths = (
			);
			runOnlyForDeploymentPostprocessing = 0;
			shellPath = /bin/sh;
			shellScript = "\"${SRCROOT}/Pods/Target Support Files/Pods/Pods-resources.sh\"\n";
			showEnvVarsInLog = 0;
		};
/* End PBXShellScriptBuildPhase section */

/* Begin PBXSourcesBuildPhase section */
		0678CE1E1A1CEBA8002A0668 /* Sources */ = {
			isa = PBXSourcesBuildPhase;
			buildActionMask = 2147483647;
			files = (
				0678CE4A1A1CEDB0002A0668 /* PDAddAppViewController.swift in Sources */,
				06DE58721A1D76080004CC57 /* PDMenuViewController.swift in Sources */,
				06DE58861A1E7B270004CC57 /* PDMenuTableFooter.swift in Sources */,
				06DE58661A1D2FB90004CC57 /* PFClass.m in Sources */,
				06DE58761A1E555A0004CC57 /* PDAddClassViewController.swift in Sources */,
				06DE58631A1D2FB90004CC57 /* AppInfo.m in Sources */,
				0678CE281A1CEBA8002A0668 /* PDAppDelegate.swift in Sources */,
				06DE58811A1E67A10004CC57 /* PDDataViewController.swift in Sources */,
				06DE58841A1E77100004CC57 /* PDWebViewController.swift in Sources */,
				06DE58461A1D16830004CC57 /* Model.xcdatamodeld in Sources */,
				06DE58741A1E53BB0004CC57 /* PDButton.swift in Sources */,
				0678CE2A1A1CEBA8002A0668 /* PDFirstViewController.swift in Sources */,
				06DE58421A1D04A20004CC57 /* PDRowsViewController.swift in Sources */,
				06DE58681A1D3A840004CC57 /* PDUtitility.swift in Sources */,
			);
			runOnlyForDeploymentPostprocessing = 0;
		};
/* End PBXSourcesBuildPhase section */

/* Begin PBXVariantGroup section */
		0678CE2D1A1CEBA8002A0668 /* Main.storyboard */ = {
			isa = PBXVariantGroup;
			children = (
				0678CE2E1A1CEBA8002A0668 /* Base */,
			);
			name = Main.storyboard;
			sourceTree = "<group>";
		};
		0678CE321A1CEBA9002A0668 /* LaunchScreen.xib */ = {
			isa = PBXVariantGroup;
			children = (
				0678CE331A1CEBA9002A0668 /* Base */,
			);
			name = LaunchScreen.xib;
			sourceTree = "<group>";
		};
/* End PBXVariantGroup section */

/* Begin XCBuildConfiguration section */
		0678CE411A1CEBA9002A0668 /* Debug */ = {
			isa = XCBuildConfiguration;
			buildSettings = {
				ALWAYS_SEARCH_USER_PATHS = NO;
				CLANG_CXX_LANGUAGE_STANDARD = "gnu++0x";
				CLANG_CXX_LIBRARY = "libc++";
				CLANG_ENABLE_MODULES = YES;
				CLANG_ENABLE_OBJC_ARC = YES;
				CLANG_WARN_BOOL_CONVERSION = YES;
				CLANG_WARN_CONSTANT_CONVERSION = YES;
				CLANG_WARN_DIRECT_OBJC_ISA_USAGE = YES_ERROR;
				CLANG_WARN_EMPTY_BODY = YES;
				CLANG_WARN_ENUM_CONVERSION = YES;
				CLANG_WARN_INT_CONVERSION = YES;
				CLANG_WARN_OBJC_ROOT_CLASS = YES_ERROR;
				CLANG_WARN_UNREACHABLE_CODE = YES;
				CLANG_WARN__DUPLICATE_METHOD_MATCH = YES;
				"CODE_SIGN_IDENTITY[sdk=iphoneos*]" = "iPhone Developer";
				COPY_PHASE_STRIP = NO;
				ENABLE_STRICT_OBJC_MSGSEND = YES;
				GCC_C_LANGUAGE_STANDARD = gnu99;
				GCC_DYNAMIC_NO_PIC = NO;
				GCC_OPTIMIZATION_LEVEL = 0;
				GCC_PREPROCESSOR_DEFINITIONS = (
					"DEBUG=1",
					"$(inherited)",
				);
				GCC_SYMBOLS_PRIVATE_EXTERN = NO;
				GCC_WARN_64_TO_32_BIT_CONVERSION = YES;
				GCC_WARN_ABOUT_RETURN_TYPE = YES_ERROR;
				GCC_WARN_UNDECLARED_SELECTOR = YES;
				GCC_WARN_UNINITIALIZED_AUTOS = YES_AGGRESSIVE;
				GCC_WARN_UNUSED_FUNCTION = YES;
				GCC_WARN_UNUSED_VARIABLE = YES;
				IPHONEOS_DEPLOYMENT_TARGET = 8.1;
				MTL_ENABLE_DEBUG_INFO = YES;
				ONLY_ACTIVE_ARCH = YES;
				SDKROOT = iphoneos;
				SWIFT_OPTIMIZATION_LEVEL = "-Onone";
				TARGETED_DEVICE_FAMILY = "1,2";
			};
			name = Debug;
		};
		0678CE421A1CEBA9002A0668 /* Release */ = {
			isa = XCBuildConfiguration;
			buildSettings = {
				ALWAYS_SEARCH_USER_PATHS = NO;
				CLANG_CXX_LANGUAGE_STANDARD = "gnu++0x";
				CLANG_CXX_LIBRARY = "libc++";
				CLANG_ENABLE_MODULES = YES;
				CLANG_ENABLE_OBJC_ARC = YES;
				CLANG_WARN_BOOL_CONVERSION = YES;
				CLANG_WARN_CONSTANT_CONVERSION = YES;
				CLANG_WARN_DIRECT_OBJC_ISA_USAGE = YES_ERROR;
				CLANG_WARN_EMPTY_BODY = YES;
				CLANG_WARN_ENUM_CONVERSION = YES;
				CLANG_WARN_INT_CONVERSION = YES;
				CLANG_WARN_OBJC_ROOT_CLASS = YES_ERROR;
				CLANG_WARN_UNREACHABLE_CODE = YES;
				CLANG_WARN__DUPLICATE_METHOD_MATCH = YES;
				"CODE_SIGN_IDENTITY[sdk=iphoneos*]" = "iPhone Developer";
				COPY_PHASE_STRIP = YES;
				ENABLE_NS_ASSERTIONS = NO;
				ENABLE_STRICT_OBJC_MSGSEND = YES;
				GCC_C_LANGUAGE_STANDARD = gnu99;
				GCC_WARN_64_TO_32_BIT_CONVERSION = YES;
				GCC_WARN_ABOUT_RETURN_TYPE = YES_ERROR;
				GCC_WARN_UNDECLARED_SELECTOR = YES;
				GCC_WARN_UNINITIALIZED_AUTOS = YES_AGGRESSIVE;
				GCC_WARN_UNUSED_FUNCTION = YES;
				GCC_WARN_UNUSED_VARIABLE = YES;
				IPHONEOS_DEPLOYMENT_TARGET = 8.1;
				MTL_ENABLE_DEBUG_INFO = NO;
				SDKROOT = iphoneos;
				TARGETED_DEVICE_FAMILY = "1,2";
				VALIDATE_PRODUCT = YES;
			};
			name = Release;
		};
		0678CE441A1CEBA9002A0668 /* Debug */ = {
			isa = XCBuildConfiguration;
			baseConfigurationReference = 435BD845ED1C43A8D15F42D3 /* Pods.debug.xcconfig */;
			buildSettings = {
				ASSETCATALOG_COMPILER_APPICON_NAME = AppIcon;
				CLANG_ENABLE_MODULES = YES;
				"CODE_SIGN_IDENTITY[sdk=iphoneos*]" = "";
				FRAMEWORK_SEARCH_PATHS = (
					"$(inherited)",
					"$(PROJECT_DIR)",
				);
				INFOPLIST_FILE = ParseBoard/Info.plist;
				IPHONEOS_DEPLOYMENT_TARGET = 8.0;
				LD_RUNPATH_SEARCH_PATHS = "$(inherited) @executable_path/Frameworks";
				LIBRARY_SEARCH_PATHS = (
					"$(inherited)",
					"$(PROJECT_DIR)/GoogleAnalytics",
				);
				PRODUCT_NAME = ParseBoard;
				PROVISIONING_PROFILE = "12e9fdc2-f9f9-429e-8bda-9a570fabcc55";
				SWIFT_OBJC_BRIDGING_HEADER = "ParseBoard/ParseBoard-Bridging-Header.h";
				SWIFT_OPTIMIZATION_LEVEL = "-Onone";
			};
			name = Debug;
		};
		0678CE451A1CEBA9002A0668 /* Release */ = {
			isa = XCBuildConfiguration;
			baseConfigurationReference = AE0B227905CAE6816C565BB2 /* Pods.release.xcconfig */;
			buildSettings = {
				ASSETCATALOG_COMPILER_APPICON_NAME = AppIcon;
				CLANG_ENABLE_MODULES = YES;
				"CODE_SIGN_IDENTITY[sdk=iphoneos*]" = "";
				FRAMEWORK_SEARCH_PATHS = (
					"$(inherited)",
					"$(PROJECT_DIR)",
				);
				INFOPLIST_FILE = ParseBoard/Info.plist;
				IPHONEOS_DEPLOYMENT_TARGET = 8.0;
				LD_RUNPATH_SEARCH_PATHS = "$(inherited) @executable_path/Frameworks";
				LIBRARY_SEARCH_PATHS = (
					"$(inherited)",
					"$(PROJECT_DIR)/GoogleAnalytics",
				);
				PRODUCT_NAME = ParseBoard;
				PROVISIONING_PROFILE = "f26572e6-efe8-4d6e-bffb-2d293622deb4";
				SWIFT_OBJC_BRIDGING_HEADER = "ParseBoard/ParseBoard-Bridging-Header.h";
			};
			name = Release;
		};
/* End XCBuildConfiguration section */

/* Begin XCConfigurationList section */
		0678CE1D1A1CEBA8002A0668 /* Build configuration list for PBXProject "ParseBoard" */ = {
			isa = XCConfigurationList;
			buildConfigurations = (
				0678CE411A1CEBA9002A0668 /* Debug */,
				0678CE421A1CEBA9002A0668 /* Release */,
			);
			defaultConfigurationIsVisible = 0;
			defaultConfigurationName = Release;
		};
		0678CE431A1CEBA9002A0668 /* Build configuration list for PBXNativeTarget "ParseBoard" */ = {
			isa = XCConfigurationList;
			buildConfigurations = (
				0678CE441A1CEBA9002A0668 /* Debug */,
				0678CE451A1CEBA9002A0668 /* Release */,
			);
			defaultConfigurationIsVisible = 0;
			defaultConfigurationName = Release;
		};
/* End XCConfigurationList section */

/* Begin XCVersionGroup section */
		06DE58441A1D16830004CC57 /* Model.xcdatamodeld */ = {
			isa = XCVersionGroup;
			children = (
				06DE58451A1D16830004CC57 /* Model.xcdatamodel */,
			);
			currentVersion = 06DE58451A1D16830004CC57 /* Model.xcdatamodel */;
			path = Model.xcdatamodeld;
			sourceTree = "<group>";
			versionGroupType = wrapper.xcdatamodel;
		};
/* End XCVersionGroup section */
	};
	rootObject = 0678CE1A1A1CEBA8002A0668 /* Project object */;
}
